
Microsoft Visual Studio Solution File, Format Version 12.00
# Visual Studio 15
VisualStudioVersion = 15.0.28307.572
MinimumVisualStudioVersion = 10.0.40219.1
Project("{9A19103F-16F7-4668-BE54-9A1E7A4F7556}") = "JWTAPI", "JWTAPI\JWTAPI.csproj", "{9751E06C-4EB9-446E-9EA8-B3B5EC7DD7D8}"
EndProject
Project("{FAE04EC0-301F-11D3-BF4B-00C04F79EFBC}") = "JWTAPI.Tests", "..\..\tests\JWTAPI.Tests\JWTAPI.Tests.csproj", "{A8EF1944-2D7F-445A-8ACA-2FEAAD7D2664}"
EndProject
Global
	GlobalSection(SolutionConfigurationPlatforms) = preSolution
		Debug|Any CPU = Debug|Any CPU
		Release|Any CPU = Release|Any CPU
	EndGlobalSection
	GlobalSection(ProjectConfigurationPlatforms) = postSolution
		{9751E06C-4EB9-446E-9EA8-B3B5EC7DD7D8}.Debug|Any CPU.ActiveCfg = Debug|Any CPU
		{9751E06C-4EB9-446E-9EA8-B3B5EC7DD7D8}.Debug|Any CPU.Build.0 = Debug|Any CPU
		{9751E06C-4EB9-446E-9EA8-B3B5EC7DD7D8}.Release|Any CPU.ActiveCfg = Release|Any CPU
		{9751E06C-4EB9-446E-9EA8-B3B5EC7DD7D8}.Release|Any CPU.Build.0 = Release|Any CPU
		{A8EF1944-2D7F-445A-8ACA-2FEAAD7D2664}.Debug|Any CPU.ActiveCfg = Debug|Any CPU
		{A8EF1944-2D7F-445A-8ACA-2FEAAD7D2664}.Debug|Any CPU.Build.0 = Debug|Any CPU
		{A8EF1944-2D7F-445A-8ACA-2FEAAD7D2664}.Release|Any CPU.ActiveCfg = Release|Any CPU
		{A8EF1944-2D7F-445A-8ACA-2FEAAD7D2664}.Release|Any CPU.Build.0 = Release|Any CPU
	EndGlobalSection
	GlobalSection(SolutionProperties) = preSolution
		HideSolutionNode = FALSE
	EndGlobalSection
	GlobalSection(ExtensibilityGlobals) = postSolution
		SolutionGuid = {75D538DA-D647-4594-AEA5-49BC3B6899DE}
	EndGlobalSection
EndGlobal
